
Microsoft Visual Studio Solution File, Format Version 12.00
# Visual Studio Version 17
VisualStudioVersion = 17.12.35527.113 d17.12
MinimumVisualStudioVersion = 10.0.40219.1
Project("{FAE04EC0-301F-11D3-BF4B-00C04F79EFBC}") = "LEMS", "LEMS\LEMS.csproj", "{88354EAE-FF65-4C86-A2EA-C9B5F2C25BDA}"
EndProject
Global
	GlobalSection(SolutionConfigurationPlatforms) = preSolution
		Debug|Any CPU = Debug|Any CPU
		Release|Any CPU = Release|Any CPU
	EndGlobalSection
	GlobalSection(ProjectConfigurationPlatforms) = postSolution
		{88354EAE-FF65-4C86-A2EA-C9B5F2C25BDA}.Debug|Any CPU.ActiveCfg = Debug|Any CPU
		{88354EAE-FF65-4C86-A2EA-C9B5F2C25BDA}.Debug|Any CPU.Build.0 = Debug|Any CPU
		{88354EAE-FF65-4C86-A2EA-C9B5F2C25BDA}.Release|Any CPU.ActiveCfg = Release|Any CPU
		{88354EAE-FF65-4C86-A2EA-C9B5F2C25BDA}.Release|Any CPU.Build.0 = Release|Any CPU
	EndGlobalSection
	GlobalSection(SolutionProperties) = preSolution
		HideSolutionNode = FALSE
	EndGlobalSection
EndGlobal
